
Microsoft Visual Studio Solution File, Format Version 12.00
# Visual Studio 15
VisualStudioVersion = 15.0.28307.421
MinimumVisualStudioVersion = 10.0.40219.1
Project("{FAE04EC0-301F-11D3-BF4B-00C04F79EFBC}") = "BookManager", "BookManager\BookManager.csproj", "{E0FE4D51-701E-47E0-B4DC-0D80FE35CB87}"
EndProject
Global
	GlobalSection(SolutionConfigurationPlatforms) = preSolution
		Debug|Any CPU = Debug|Any CPU
		Release|Any CPU = Release|Any CPU
	EndGlobalSection
	GlobalSection(ProjectConfigurationPlatforms) = postSolution
		{E0FE4D51-701E-47E0-B4DC-0D80FE35CB87}.Debug|Any CPU.ActiveCfg = Debug|Any CPU
		{E0FE4D51-701E-47E0-B4DC-0D80FE35CB87}.Debug|Any CPU.Build.0 = Debug|Any CPU
		{E0FE4D51-701E-47E0-B4DC-0D80FE35CB87}.Release|Any CPU.ActiveCfg = Release|Any CPU
		{E0FE4D51-701E-47E0-B4DC-0D80FE35CB87}.Release|Any CPU.Build.0 = Release|Any CPU
	EndGlobalSection
	GlobalSection(SolutionProperties) = preSolution
		HideSolutionNode = FALSE
	EndGlobalSection
	GlobalSection(ExtensibilityGlobals) = postSolution
		SolutionGuid = {6E1BD89B-84EA-42F6-B3D7-35ACF5ADE388}
	EndGlobalSection
EndGlobal
